// !$*UTF8*$!
{
	archiveVersion = 1;
	classes = {
	};
	objectVersion = 48;
	objects = {

/* Begin PBXBuildFile section */
		01AC9C372066A80E00652173 /* AppDelegate.swift in Sources */ = {isa = PBXBuildFile; fileRef = 01AC9C362066A80E00652173 /* AppDelegate.swift */; };
		01AC9C392066A80E00652173 /* GoalsVC.swift in Sources */ = {isa = PBXBuildFile; fileRef = 01AC9C382066A80E00652173 /* GoalsVC.swift */; };
		01AC9C3C2066A80E00652173 /* Main.storyboard in Resources */ = {isa = PBXBuildFile; fileRef = 01AC9C3A2066A80E00652173 /* Main.storyboard */; };
		01AC9C3F2066A80E00652173 /* Goals.xcdatamodeld in Sources */ = {isa = PBXBuildFile; fileRef = 01AC9C3D2066A80E00652173 /* Goals.xcdatamodeld */; };
		01AC9C412066A80E00652173 /* Assets.xcassets in Resources */ = {isa = PBXBuildFile; fileRef = 01AC9C402066A80E00652173 /* Assets.xcassets */; };
		01AC9C442066A80E00652173 /* LaunchScreen.storyboard in Resources */ = {isa = PBXBuildFile; fileRef = 01AC9C422066A80E00652173 /* LaunchScreen.storyboard */; };
		01AC9C512066CAA500652173 /* GoalCell.swift in Sources */ = {isa = PBXBuildFile; fileRef = 01AC9C502066CAA500652173 /* GoalCell.swift */; };
		01AC9C532066CDAF00652173 /* Enum.swift in Sources */ = {isa = PBXBuildFile; fileRef = 01AC9C522066CDAF00652173 /* Enum.swift */; };
		01AC9C572066CE0C00652173 /* UIViewExt.swift in Sources */ = {isa = PBXBuildFile; fileRef = 01AC9C542066CE0C00652173 /* UIViewExt.swift */; };
		01AC9C582066CE0C00652173 /* UIViewControllerExt.swift in Sources */ = {isa = PBXBuildFile; fileRef = 01AC9C552066CE0C00652173 /* UIViewControllerExt.swift */; };
		01AC9C592066CE0C00652173 /* UIButtonExt.swift in Sources */ = {isa = PBXBuildFile; fileRef = 01AC9C562066CE0C00652173 /* UIButtonExt.swift */; };
		01AC9C5C2066CEDC00652173 /* CreateGoalVC.swift in Sources */ = {isa = PBXBuildFile; fileRef = 01AC9C5A2066CEDB00652173 /* CreateGoalVC.swift */; };
		01AC9C5D2066CEDC00652173 /* FinishGoalVC.swift in Sources */ = {isa = PBXBuildFile; fileRef = 01AC9C5B2066CEDB00652173 /* FinishGoalVC.swift */; };
/* End PBXBuildFile section */

/* Begin PBXFileReference section */
		01AC9C332066A80E00652173 /* Goals.app */ = {isa = PBXFileReference; explicitFileType = wrapper.application; includeInIndex = 0; path = Goals.app; sourceTree = BUILT_PRODUCTS_DIR; };
		01AC9C362066A80E00652173 /* AppDelegate.swift */ = {isa = PBXFileReference; lastKnownFileType = sourcecode.swift; path = AppDelegate.swift; sourceTree = "<group>"; };
		01AC9C382066A80E00652173 /* GoalsVC.swift */ = {isa = PBXFileReference; lastKnownFileType = sourcecode.swift; path = GoalsVC.swift; sourceTree = "<group>"; };
		01AC9C3B2066A80E00652173 /* Base */ = {isa = PBXFileReference; lastKnownFileType = file.storyboard; name = Base; path = Base.lproj/Main.storyboard; sourceTree = "<group>"; };
		01AC9C3E2066A80E00652173 /* Goals.xcdatamodel */ = {isa = PBXFileReference; lastKnownFileType = wrapper.xcdatamodel; path = Goals.xcdatamodel; sourceTree = "<group>"; };
		01AC9C402066A80E00652173 /* Assets.xcassets */ = {isa = PBXFileReference; lastKnownFileType = folder.assetcatalog; path = Assets.xcassets; sourceTree = "<group>"; };
		01AC9C432066A80E00652173 /* Base */ = {isa = PBXFileReference; lastKnownFileType = file.storyboard; name = Base; path = Base.lproj/LaunchScreen.storyboard; sourceTree = "<group>"; };
		01AC9C452066A80E00652173 /* Info.plist */ = {isa = PBXFileReference; lastKnownFileType = text.plist.xml; path = Info.plist; sourceTree = "<group>"; };
		01AC9C502066CAA500652173 /* GoalCell.swift */ = {isa = PBXFileReference; lastKnownFileType = sourcecode.swift; path = GoalCell.swift; sourceTree = "<group>"; };
		01AC9C522066CDAF00652173 /* Enum.swift */ = {isa = PBXFileReference; lastKnownFileType = sourcecode.swift; path = Enum.swift; sourceTree = "<group>"; };
		01AC9C542066CE0C00652173 /* UIViewExt.swift */ = {isa = PBXFileReference; fileEncoding = 4; lastKnownFileType = sourcecode.swift; path = UIViewExt.swift; sourceTree = "<group>"; };
		01AC9C552066CE0C00652173 /* UIViewControllerExt.swift */ = {isa = PBXFileReference; fileEncoding = 4; lastKnownFileType = sourcecode.swift; path = UIViewControllerExt.swift; sourceTree = "<group>"; };
		01AC9C562066CE0C00652173 /* UIButtonExt.swift */ = {isa = PBXFileReference; fileEncoding = 4; lastKnownFileType = sourcecode.swift; path = UIButtonExt.swift; sourceTree = "<group>"; };
		01AC9C5A2066CEDB00652173 /* CreateGoalVC.swift */ = {isa = PBXFileReference; fileEncoding = 4; lastKnownFileType = sourcecode.swift; path = CreateGoalVC.swift; sourceTree = "<group>"; };
		01AC9C5B2066CEDB00652173 /* FinishGoalVC.swift */ = {isa = PBXFileReference; fileEncoding = 4; lastKnownFileType = sourcecode.swift; path = FinishGoalVC.swift; sourceTree = "<group>"; };
/* End PBXFileReference section */

/* Begin PBXFrameworksBuildPhase section */
		01AC9C302066A80E00652173 /* Frameworks */ = {
			isa = PBXFrameworksBuildPhase;
			buildActionMask = 2147483647;
			files = (
			);
			runOnlyForDeploymentPostprocessing = 0;
		};
/* End PBXFrameworksBuildPhase section */

/* Begin PBXGroup section */
		01AC9C2A2066A80E00652173 = {
			isa = PBXGroup;
			children = (
				01AC9C352066A80E00652173 /* Goals */,
				01AC9C342066A80E00652173 /* Products */,
			);
			sourceTree = "<group>";
		};
		01AC9C342066A80E00652173 /* Products */ = {
			isa = PBXGroup;
			children = (
				01AC9C332066A80E00652173 /* Goals.app */,
			);
			name = Products;
			sourceTree = "<group>";
		};
		01AC9C352066A80E00652173 /* Goals */ = {
			isa = PBXGroup;
			children = (
				01AC9C4F2066A8BE00652173 /* Storyboards */,
				01AC9C402066A80E00652173 /* Assets.xcassets */,
				01AC9C4C2066A83A00652173 /* View */,
				01AC9C4B2066A82D00652173 /* Controllers */,
				01AC9C4D2066A84400652173 /* Extensions */,
				01AC9C3D2066A80E00652173 /* Goals.xcdatamodeld */,
				01AC9C4E2066A8A500652173 /* Support Files */,
			);
			path = Goals;
			sourceTree = "<group>";
		};
		01AC9C4B2066A82D00652173 /* Controllers */ = {
			isa = PBXGroup;
			children = (
				01AC9C382066A80E00652173 /* GoalsVC.swift */,
				01AC9C5A2066CEDB00652173 /* CreateGoalVC.swift */,
				01AC9C5B2066CEDB00652173 /* FinishGoalVC.swift */,
			);
			path = Controllers;
			sourceTree = "<group>";
		};
		01AC9C4C2066A83A00652173 /* View */ = {
			isa = PBXGroup;
			children = (
				01AC9C502066CAA500652173 /* GoalCell.swift */,
			);
			path = View;
			sourceTree = "<group>";
		};
		01AC9C4D2066A84400652173 /* Extensions */ = {
			isa = PBXGroup;
			children = (
				01AC9C522066CDAF00652173 /* Enum.swift */,
				01AC9C562066CE0C00652173 /* UIButtonExt.swift */,
				01AC9C552066CE0C00652173 /* UIViewControllerExt.swift */,
				01AC9C542066CE0C00652173 /* UIViewExt.swift */,
			);
			path = Extensions;
			sourceTree = "<group>";
		};
		01AC9C4E2066A8A500652173 /* Support Files */ = {
			isa = PBXGroup;
			children = (
				01AC9C362066A80E00652173 /* AppDelegate.swift */,
				01AC9C452066A80E00652173 /* Info.plist */,
			);
			name = "Support Files";
			sourceTree = "<group>";
		};
		01AC9C4F2066A8BE00652173 /* Storyboards */ = {
			isa = PBXGroup;
			children = (
				01AC9C422066A80E00652173 /* LaunchScreen.storyboard */,
				01AC9C3A2066A80E00652173 /* Main.storyboard */,
			);
			name = Storyboards;
			sourceTree = "<group>";
		};
/* End PBXGroup section */

/* Begin PBXNativeTarget section */
		01AC9C322066A80E00652173 /* Goals */ = {
			isa = PBXNativeTarget;
			buildConfigurationList = 01AC9C482066A80E00652173 /* Build configuration list for PBXNativeTarget "Goals" */;
			buildPhases = (
				01AC9C2F2066A80E00652173 /* Sources */,
				01AC9C302066A80E00652173 /* Frameworks */,
				01AC9C312066A80E00652173 /* Resources */,
			);
			buildRules = (
			);
			dependencies = (
			);
			name = Goals;
			productName = Goals;
			productReference = 01AC9C332066A80E00652173 /* Goals.app */;
			productType = "com.apple.product-type.application";
		};
/* End PBXNativeTarget section */

/* Begin PBXProject section */
		01AC9C2B2066A80E00652173 /* Project object */ = {
			isa = PBXProject;
			attributes = {
				LastSwiftUpdateCheck = 0920;
				LastUpgradeCheck = 0920;
				ORGANIZATIONNAME = "Andrii Halabuda";
				TargetAttributes = {
					01AC9C322066A80E00652173 = {
						CreatedOnToolsVersion = 9.2;
						ProvisioningStyle = Automatic;
					};
				};
			};
			buildConfigurationList = 01AC9C2E2066A80E00652173 /* Build configuration list for PBXProject "Goals" */;
			compatibilityVersion = "Xcode 8.0";
			developmentRegion = en;
			hasScannedForEncodings = 0;
			knownRegions = (
				en,
				Base,
			);
			mainGroup = 01AC9C2A2066A80E00652173;
			productRefGroup = 01AC9C342066A80E00652173 /* Products */;
			projectDirPath = "";
			projectRoot = "";
			targets = (
				01AC9C322066A80E00652173 /* Goals */,
			);
		};
/* End PBXProject section */

/* Begin PBXResourcesBuildPhase section */
		01AC9C312066A80E00652173 /* Resources */ = {
			isa = PBXResourcesBuildPhase;
			buildActionMask = 2147483647;
			files = (
				01AC9C442066A80E00652173 /* LaunchScreen.storyboard in Resources */,
				01AC9C412066A80E00652173 /* Assets.xcassets in Resources */,
				01AC9C3C2066A80E00652173 /* Main.storyboard in Resources */,
			);
			runOnlyForDeploymentPostprocessing = 0;
		};
/* End PBXResourcesBuildPhase section */

/* Begin PBXSourcesBuildPhase section */
		01AC9C2F2066A80E00652173 /* Sources */ = {
			isa = PBXSourcesBuildPhase;
			buildActionMask = 2147483647;
			files = (
				01AC9C572066CE0C00652173 /* UIViewExt.swift in Sources */,
				01AC9C512066CAA500652173 /* GoalCell.swift in Sources */,
				01AC9C392066A80E00652173 /* GoalsVC.swift in Sources */,
				01AC9C372066A80E00652173 /* AppDelegate.swift in Sources */,
				01AC9C532066CDAF00652173 /* Enum.swift in Sources */,
				01AC9C582066CE0C00652173 /* UIViewControllerExt.swift in Sources */,
				01AC9C3F2066A80E00652173 /* Goals.xcdatamodeld in Sources */,
				01AC9C5C2066CEDC00652173 /* CreateGoalVC.swift in Sources */,
				01AC9C5D2066CEDC00652173 /* FinishGoalVC.swift in Sources */,
				01AC9C592066CE0C00652173 /* UIButtonExt.swift in Sources */,
			);
			runOnlyForDeploymentPostprocessing = 0;
		};
/* End PBXSourcesBuildPhase section */

/* Begin PBXVariantGroup section */
		01AC9C3A2066A80E00652173 /* Main.storyboard */ = {
			isa = PBXVariantGroup;
			children = (
				01AC9C3B2066A80E00652173 /* Base */,
			);
			name = Main.storyboard;
			sourceTree = "<group>";
		};
		01AC9C422066A80E00652173 /* LaunchScreen.storyboard */ = {
			isa = PBXVariantGroup;
			children = (
				01AC9C432066A80E00652173 /* Base */,
			);
			name = LaunchScreen.storyboard;
			sourceTree = "<group>";
		};
/* End PBXVariantGroup section */

/* Begin XCBuildConfiguration section */
		01AC9C462066A80E00652173 /* Debug */ = {
			isa = XCBuildConfiguration;
			buildSettings = {
				ALWAYS_SEARCH_USER_PATHS = NO;
				CLANG_ANALYZER_NONNULL = YES;
				CLANG_ANALYZER_NUMBER_OBJECT_CONVERSION = YES_AGGRESSIVE;
				CLANG_CXX_LANGUAGE_STANDARD = "gnu++14";
				CLANG_CXX_LIBRARY = "libc++";
				CLANG_ENABLE_MODULES = YES;
				CLANG_ENABLE_OBJC_ARC = YES;
				CLANG_WARN_BLOCK_CAPTURE_AUTORELEASING = YES;
				CLANG_WARN_BOOL_CONVERSION = YES;
				CLANG_WARN_COMMA = YES;
				CLANG_WARN_CONSTANT_CONVERSION = YES;
				CLANG_WARN_DIRECT_OBJC_ISA_USAGE = YES_ERROR;
				CLANG_WARN_DOCUMENTATION_COMMENTS = YES;
				CLANG_WARN_EMPTY_BODY = YES;
				CLANG_WARN_ENUM_CONVERSION = YES;
				CLANG_WARN_INFINITE_RECURSION = YES;
				CLANG_WARN_INT_CONVERSION = YES;
				CLANG_WARN_NON_LITERAL_NULL_CONVERSION = YES;
				CLANG_WARN_OBJC_LITERAL_CONVERSION = YES;
				CLANG_WARN_OBJC_ROOT_CLASS = YES_ERROR;
				CLANG_WARN_RANGE_LOOP_ANALYSIS = YES;
				CLANG_WARN_STRICT_PROTOTYPES = YES;
				CLANG_WARN_SUSPICIOUS_MOVE = YES;
				CLANG_WARN_UNGUARDED_AVAILABILITY = YES_AGGRESSIVE;
				CLANG_WARN_UNREACHABLE_CODE = YES;
				CLANG_WARN__DUPLICATE_METHOD_MATCH = YES;
				CODE_SIGN_IDENTITY = "iPhone Developer";
				COPY_PHASE_STRIP = NO;
				DEBUG_INFORMATION_FORMAT = dwarf;
				ENABLE_STRICT_OBJC_MSGSEND = YES;
				ENABLE_TESTABILITY = YES;
				GCC_C_LANGUAGE_STANDARD = gnu11;
				GCC_DYNAMIC_NO_PIC = NO;
				GCC_NO_COMMON_BLOCKS = YES;
				GCC_OPTIMIZATION_LEVEL = 0;
				GCC_PREPROCESSOR_DEFINITIONS = (
					"DEBUG=1",
					"$(inherited)",
				);
				GCC_WARN_64_TO_32_BIT_CONVERSION = YES;
				GCC_WARN_ABOUT_RETURN_TYPE = YES_ERROR;
				GCC_WARN_UNDECLARED_SELECTOR = YES;
				GCC_WARN_UNINITIALIZED_AUTOS = YES_AGGRESSIVE;
				GCC_WARN_UNUSED_FUNCTION = YES;
				GCC_WARN_UNUSED_VARIABLE = YES;
				IPHONEOS_DEPLOYMENT_TARGET = 11.2;
				MTL_ENABLE_DEBUG_INFO = YES;
				ONLY_ACTIVE_ARCH = YES;
				SDKROOT = iphoneos;
				SWIFT_ACTIVE_COMPILATION_CONDITIONS = DEBUG;
				SWIFT_OPTIMIZATION_LEVEL = "-Onone";
			};
			name = Debug;
		};
		01AC9C472066A80E00652173 /* Release */ = {
			isa = XCBuildConfiguration;
			buildSettings = {
				ALWAYS_SEARCH_USER_PATHS = NO;
				CLANG_ANALYZER_NONNULL = YES;
				CLANG_ANALYZER_NUMBER_OBJECT_CONVERSION = YES_AGGRESSIVE;
				CLANG_CXX_LANGUAGE_STANDARD = "gnu++14";
				CLANG_CXX_LIBRARY = "libc++";
				CLANG_ENABLE_MODULES = YES;
				CLANG_ENABLE_OBJC_ARC = YES;
				CLANG_WARN_BLOCK_CAPTURE_AUTORELEASING = YES;
				CLANG_WARN_BOOL_CONVERSION = YES;
				CLANG_WARN_COMMA = YES;
				CLANG_WARN_CONSTANT_CONVERSION = YES;
				CLANG_WARN_DIRECT_OBJC_ISA_USAGE = YES_ERROR;
				CLANG_WARN_DOCUMENTATION_COMMENTS = YES;
				CLANG_WARN_EMPTY_BODY = YES;
				CLANG_WARN_ENUM_CONVERSION = YES;
				CLANG_WARN_INFINITE_RECURSION = YES;
				CLANG_WARN_INT_CONVERSION = YES;
				CLANG_WARN_NON_LITERAL_NULL_CONVERSION = YES;
				CLANG_WARN_OBJC_LITERAL_CONVERSION = YES;
				CLANG_WARN_OBJC_ROOT_CLASS = YES_ERROR;
				CLANG_WARN_RANGE_LOOP_ANALYSIS = YES;
				CLANG_WARN_STRICT_PROTOTYPES = YES;
				CLANG_WARN_SUSPICIOUS_MOVE = YES;
				CLANG_WARN_UNGUARDED_AVAILABILITY = YES_AGGRESSIVE;
				CLANG_WARN_UNREACHABLE_CODE = YES;
				CLANG_WARN__DUPLICATE_METHOD_MATCH = YES;
				CODE_SIGN_IDENTITY = "iPhone Developer";
				COPY_PHASE_STRIP = NO;
				DEBUG_INFORMATION_FORMAT = "dwarf-with-dsym";
				ENABLE_NS_ASSERTIONS = NO;
				ENABLE_STRICT_OBJC_MSGSEND = YES;
				GCC_C_LANGUAGE_STANDARD = gnu11;
				GCC_NO_COMMON_BLOCKS = YES;
				GCC_WARN_64_TO_32_BIT_CONVERSION = YES;
				GCC_WARN_ABOUT_RETURN_TYPE = YES_ERROR;
				GCC_WARN_UNDECLARED_SELECTOR = YES;
				GCC_WARN_UNINITIALIZED_AUTOS = YES_AGGRESSIVE;
				GCC_WARN_UNUSED_FUNCTION = YES;
				GCC_WARN_UNUSED_VARIABLE = YES;
				IPHONEOS_DEPLOYMENT_TARGET = 11.2;
				MTL_ENABLE_DEBUG_INFO = NO;
				SDKROOT = iphoneos;
				SWIFT_OPTIMIZATION_LEVEL = "-Owholemodule";
				VALIDATE_PRODUCT = YES;
			};
			name = Release;
		};
		01AC9C492066A80E00652173 /* Debug */ = {
			isa = XCBuildConfiguration;
			buildSettings = {
				ASSETCATALOG_COMPILER_APPICON_NAME = AppIcon;
				CODE_SIGN_STYLE = Automatic;
				DEVELOPMENT_TEAM = PTRW36GG78;
				INFOPLIST_FILE = Goals/Info.plist;
				LD_RUNPATH_SEARCH_PATHS = "$(inherited) @executable_path/Frameworks";
				PRODUCT_BUNDLE_IDENTIFIER = com.losAngelesBoy.Goals;
				PRODUCT_NAME = "$(TARGET_NAME)";
				SWIFT_VERSION = 4.0;
				TARGETED_DEVICE_FAMILY = 1;
			};
			name = Debug;
		};
		01AC9C4A2066A80E00652173 /* Release */ = {
			isa = XCBuildConfiguration;
			buildSettings = {
				ASSETCATALOG_COMPILER_APPICON_NAME = AppIcon;
				CODE_SIGN_STYLE = Automatic;
				DEVELOPMENT_TEAM = PTRW36GG78;
				INFOPLIST_FILE = Goals/Info.plist;
				LD_RUNPATH_SEARCH_PATHS = "$(inherited) @executable_path/Frameworks";
				PRODUCT_BUNDLE_IDENTIFIER = com.losAngelesBoy.Goals;
				PRODUCT_NAME = "$(TARGET_NAME)";
				SWIFT_VERSION = 4.0;
				TARGETED_DEVICE_FAMILY = 1;
			};
			name = Release;
		};
/* End XCBuildConfiguration section */

/* Begin XCConfigurationList section */
		01AC9C2E2066A80E00652173 /* Build configuration list for PBXProject "Goals" */ = {
			isa = XCConfigurationList;
			buildConfigurations = (
				01AC9C462066A80E00652173 /* Debug */,
				01AC9C472066A80E00652173 /* Release */,
			);
			defaultConfigurationIsVisible = 0;
			defaultConfigurationName = Release;
		};
		01AC9C482066A80E00652173 /* Build configuration list for PBXNativeTarget "Goals" */ = {
			isa = XCConfigurationList;
			buildConfigurations = (
				01AC9C492066A80E00652173 /* Debug */,
				01AC9C4A2066A80E00652173 /* Release */,
			);
			defaultConfigurationIsVisible = 0;
			defaultConfigurationName = Release;
		};
/* End XCConfigurationList section */

/* Begin XCVersionGroup section */
		01AC9C3D2066A80E00652173 /* Goals.xcdatamodeld */ = {
			isa = XCVersionGroup;
			children = (
				01AC9C3E2066A80E00652173 /* Goals.xcdatamodel */,
			);
			currentVersion = 01AC9C3E2066A80E00652173 /* Goals.xcdatamodel */;
			path = Goals.xcdatamodeld;
			sourceTree = "<group>";
			versionGroupType = wrapper.xcdatamodel;
		};
/* End XCVersionGroup section */
	};
	rootObject = 01AC9C2B2066A80E00652173 /* Project object */;
}
